
Microsoft Visual Studio Solution File, Format Version 12.00
# Visual Studio Version 17
VisualStudioVersion = 17.7.34031.279
MinimumVisualStudioVersion = 10.0.40219.1
Project("{FAE04EC0-301F-11D3-BF4B-00C04F79EFBC}") = "zad1literaA", "zad1literaA\zad1literaA.csproj", "{EED4532A-79D0-4895-BB10-AE5E6A7BB5E9}"
EndProject
Global
	GlobalSection(SolutionConfigurationPlatforms) = preSolution
		Debug|Any CPU = Debug|Any CPU
		Release|Any CPU = Release|Any CPU
	EndGlobalSection
	GlobalSection(ProjectConfigurationPlatforms) = postSolution
		{EED4532A-79D0-4895-BB10-AE5E6A7BB5E9}.Debug|Any CPU.ActiveCfg = Debug|Any CPU
		{EED4532A-79D0-4895-BB10-AE5E6A7BB5E9}.Debug|Any CPU.Build.0 = Debug|Any CPU
		{EED4532A-79D0-4895-BB10-AE5E6A7BB5E9}.Release|Any CPU.ActiveCfg = Release|Any CPU
		{EED4532A-79D0-4895-BB10-AE5E6A7BB5E9}.Release|Any CPU.Build.0 = Release|Any CPU
	EndGlobalSection
	GlobalSection(SolutionProperties) = preSolution
		HideSolutionNode = FALSE
	EndGlobalSection
	GlobalSection(ExtensibilityGlobals) = postSolution
		SolutionGuid = {641EEE2B-33E8-4A07-9CD8-6FC344BE1212}
	EndGlobalSection
EndGlobal
